// !$*UTF8*$!
{
	archiveVersion = 1;
	classes = {
	};
	objectVersion = 46;
	objects = {

/* Begin PBXBuildFile section */
		785BAB75232AC27200E7426F /* NTWindowController.swift in Sources */ = {isa = PBXBuildFile; fileRef = 785BAB74232AC27200E7426F /* NTWindowController.swift */; };
		785BAB7B232AEEF500E7426F /* UIHelper.swift in Sources */ = {isa = PBXBuildFile; fileRef = 785BAB7A232AEEF500E7426F /* UIHelper.swift */; };
		785BAB7D232D7E4800E7426F /* NTViewController.swift in Sources */ = {isa = PBXBuildFile; fileRef = 785BAB7C232D7E4800E7426F /* NTViewController.swift */; };
		785BAB82233227BB00E7426F /* SFX in Resources */ = {isa = PBXBuildFile; fileRef = 785BAB81233227BB00E7426F /* SFX */; };
		785BAB8423322C5300E7426F /* ThemeManager.swift in Sources */ = {isa = PBXBuildFile; fileRef = 785BAB8323322C5300E7426F /* ThemeManager.swift */; };
		78E200D723337A4000FE43C5 /* AppMenuUI.swift in Sources */ = {isa = PBXBuildFile; fileRef = 78E200D623337A4000FE43C5 /* AppMenuUI.swift */; };
		83085C7E1C157A9400BFD82D /* AppDelegate.swift in Sources */ = {isa = PBXBuildFile; fileRef = 83085C7D1C157A9400BFD82D /* AppDelegate.swift */; };
		83085C821C157A9400BFD82D /* Assets.xcassets in Resources */ = {isa = PBXBuildFile; fileRef = 83085C811C157A9400BFD82D /* Assets.xcassets */; };
		836E78CB1C159EBC00BE4FF0 /* Main.storyboard in Resources */ = {isa = PBXBuildFile; fileRef = 836E78C91C159EBC00BE4FF0 /* Main.storyboard */; };
		836E78D21C16B6C400BE4FF0 /* AVAudioPlayer-extensions.swift in Sources */ = {isa = PBXBuildFile; fileRef = 836E78D11C16B6C400BE4FF0 /* AVAudioPlayer-extensions.swift */; };
		836E78D41C16B7A100BE4FF0 /* Number-extensions.swift in Sources */ = {isa = PBXBuildFile; fileRef = 836E78D31C16B7A100BE4FF0 /* Number-extensions.swift */; };
		F08EC016BB9B712C62E0E1F6 /* Pods_NoisyTyper.framework in Frameworks */ = {isa = PBXBuildFile; fileRef = 0B9AAB97BF1E3D06120AEB42 /* Pods_NoisyTyper.framework */; };
/* End PBXBuildFile section */

/* Begin PBXFileReference section */
		0B9AAB97BF1E3D06120AEB42 /* Pods_NoisyTyper.framework */ = {isa = PBXFileReference; explicitFileType = wrapper.framework; includeInIndex = 0; path = Pods_NoisyTyper.framework; sourceTree = BUILT_PRODUCTS_DIR; };
		785BAB74232AC27200E7426F /* NTWindowController.swift */ = {isa = PBXFileReference; lastKnownFileType = sourcecode.swift; path = NTWindowController.swift; sourceTree = "<group>"; };
		785BAB7A232AEEF500E7426F /* UIHelper.swift */ = {isa = PBXFileReference; lastKnownFileType = sourcecode.swift; path = UIHelper.swift; sourceTree = "<group>"; };
		785BAB7C232D7E4800E7426F /* NTViewController.swift */ = {isa = PBXFileReference; lastKnownFileType = sourcecode.swift; path = NTViewController.swift; sourceTree = "<group>"; };
		785BAB81233227BB00E7426F /* SFX */ = {isa = PBXFileReference; lastKnownFileType = folder; path = SFX; sourceTree = "<group>"; };
		785BAB8323322C5300E7426F /* ThemeManager.swift */ = {isa = PBXFileReference; lastKnownFileType = sourcecode.swift; path = ThemeManager.swift; sourceTree = "<group>"; };
		78A4E27A233DD5E200949189 /* NoisyTyper.entitlements */ = {isa = PBXFileReference; lastKnownFileType = text.plist.entitlements; path = NoisyTyper.entitlements; sourceTree = "<group>"; };
		78E200D623337A4000FE43C5 /* AppMenuUI.swift */ = {isa = PBXFileReference; lastKnownFileType = sourcecode.swift; path = AppMenuUI.swift; sourceTree = "<group>"; };
		83085C7A1C157A9400BFD82D /* NoisyTyper.app */ = {isa = PBXFileReference; explicitFileType = wrapper.application; includeInIndex = 0; path = NoisyTyper.app; sourceTree = BUILT_PRODUCTS_DIR; };
		83085C7D1C157A9400BFD82D /* AppDelegate.swift */ = {isa = PBXFileReference; lastKnownFileType = sourcecode.swift; path = AppDelegate.swift; sourceTree = "<group>"; };
		83085C811C157A9400BFD82D /* Assets.xcassets */ = {isa = PBXFileReference; lastKnownFileType = folder.assetcatalog; path = Assets.xcassets; sourceTree = "<group>"; };
		83085C861C157A9500BFD82D /* Info.plist */ = {isa = PBXFileReference; lastKnownFileType = text.plist.xml; path = Info.plist; sourceTree = "<group>"; };
		836E78CA1C159EBC00BE4FF0 /* Base */ = {isa = PBXFileReference; lastKnownFileType = file.storyboard; name = Base; path = Base.lproj/Main.storyboard; sourceTree = "<group>"; };
		836E78D11C16B6C400BE4FF0 /* AVAudioPlayer-extensions.swift */ = {isa = PBXFileReference; fileEncoding = 4; lastKnownFileType = sourcecode.swift; path = "AVAudioPlayer-extensions.swift"; sourceTree = "<group>"; };
		836E78D31C16B7A100BE4FF0 /* Number-extensions.swift */ = {isa = PBXFileReference; fileEncoding = 4; lastKnownFileType = sourcecode.swift; path = "Number-extensions.swift"; sourceTree = "<group>"; };
		AA53D4B7E6A74AA64439704F /* Pods-NoisyTyper.release.xcconfig */ = {isa = PBXFileReference; includeInIndex = 1; lastKnownFileType = text.xcconfig; name = "Pods-NoisyTyper.release.xcconfig"; path = "Target Support Files/Pods-NoisyTyper/Pods-NoisyTyper.release.xcconfig"; sourceTree = "<group>"; };
		F97F3D5190BACA26C4DC76BE /* Pods-NoisyTyper.debug.xcconfig */ = {isa = PBXFileReference; includeInIndex = 1; lastKnownFileType = text.xcconfig; name = "Pods-NoisyTyper.debug.xcconfig"; path = "Target Support Files/Pods-NoisyTyper/Pods-NoisyTyper.debug.xcconfig"; sourceTree = "<group>"; };
/* End PBXFileReference section */

/* Begin PBXFrameworksBuildPhase section */
		83085C771C157A9400BFD82D /* Frameworks */ = {
			isa = PBXFrameworksBuildPhase;
			buildActionMask = 2147483647;
			files = (
				F08EC016BB9B712C62E0E1F6 /* Pods_NoisyTyper.framework in Frameworks */,
			);
			runOnlyForDeploymentPostprocessing = 0;
		};
/* End PBXFrameworksBuildPhase section */

/* Begin PBXGroup section */
		78E200D8233380A900FE43C5 /* UI */ = {
			isa = PBXGroup;
			children = (
				785BAB7A232AEEF500E7426F /* UIHelper.swift */,
				785BAB7C232D7E4800E7426F /* NTViewController.swift */,
				78E200D623337A4000FE43C5 /* AppMenuUI.swift */,
				785BAB74232AC27200E7426F /* NTWindowController.swift */,
			);
			path = UI;
			sourceTree = "<group>";
		};
		78E200D9233380B700FE43C5 /* Extensions */ = {
			isa = PBXGroup;
			children = (
				836E78D31C16B7A100BE4FF0 /* Number-extensions.swift */,
				836E78D11C16B6C400BE4FF0 /* AVAudioPlayer-extensions.swift */,
			);
			path = Extensions;
			sourceTree = "<group>";
		};
		83085C711C157A9400BFD82D = {
			isa = PBXGroup;
			children = (
				83085C7C1C157A9400BFD82D /* NoisyTyper */,
				83085C7B1C157A9400BFD82D /* Products */,
				96B554DECDAC4A5E241A5FA2 /* Pods */,
				DC2A237F6114E1AE0CEFCC13 /* Frameworks */,
			);
			sourceTree = "<group>";
		};
		83085C7B1C157A9400BFD82D /* Products */ = {
			isa = PBXGroup;
			children = (
				83085C7A1C157A9400BFD82D /* NoisyTyper.app */,
			);
			name = Products;
			sourceTree = "<group>";
		};
		83085C7C1C157A9400BFD82D /* NoisyTyper */ = {
			isa = PBXGroup;
			children = (
				78A4E27A233DD5E200949189 /* NoisyTyper.entitlements */,
				83085C7D1C157A9400BFD82D /* AppDelegate.swift */,
				785BAB8323322C5300E7426F /* ThemeManager.swift */,
				78E200D9233380B700FE43C5 /* Extensions */,
				78E200D8233380A900FE43C5 /* UI */,
				785BAB81233227BB00E7426F /* SFX */,
				83085C811C157A9400BFD82D /* Assets.xcassets */,
				836E78C91C159EBC00BE4FF0 /* Main.storyboard */,
				83085C861C157A9500BFD82D /* Info.plist */,
			);
			path = NoisyTyper;
			sourceTree = "<group>";
		};
		96B554DECDAC4A5E241A5FA2 /* Pods */ = {
			isa = PBXGroup;
			children = (
				F97F3D5190BACA26C4DC76BE /* Pods-NoisyTyper.debug.xcconfig */,
				AA53D4B7E6A74AA64439704F /* Pods-NoisyTyper.release.xcconfig */,
			);
			path = Pods;
			sourceTree = "<group>";
		};
		DC2A237F6114E1AE0CEFCC13 /* Frameworks */ = {
			isa = PBXGroup;
			children = (
				0B9AAB97BF1E3D06120AEB42 /* Pods_NoisyTyper.framework */,
			);
			name = Frameworks;
			sourceTree = "<group>";
		};
/* End PBXGroup section */

/* Begin PBXNativeTarget section */
		83085C791C157A9400BFD82D /* NoisyTyper */ = {
			isa = PBXNativeTarget;
			buildConfigurationList = 83085C891C157A9500BFD82D /* Build configuration list for PBXNativeTarget "NoisyTyper" */;
			buildPhases = (
				FF1845ABA3A5484133AEDA75 /* [CP] Check Pods Manifest.lock */,
				83085C761C157A9400BFD82D /* Sources */,
				83085C771C157A9400BFD82D /* Frameworks */,
				83085C781C157A9400BFD82D /* Resources */,
				74B593B1B156723F406D5D67 /* [CP] Embed Pods Frameworks */,
			);
			buildRules = (
			);
			dependencies = (
			);
			name = NoisyTyper;
			productName = NoisyTyper;
			productReference = 83085C7A1C157A9400BFD82D /* NoisyTyper.app */;
			productType = "com.apple.product-type.application";
		};
/* End PBXNativeTarget section */

/* Begin PBXProject section */
		83085C721C157A9400BFD82D /* Project object */ = {
			isa = PBXProject;
			attributes = {
				LastSwiftUpdateCheck = 0710;
				LastUpgradeCheck = 1200;
				ORGANIZATIONNAME = Aladdin;
				TargetAttributes = {
					83085C791C157A9400BFD82D = {
						CreatedOnToolsVersion = 7.1.1;
						DevelopmentTeam = 83A66Y7RYD;
						LastSwiftMigration = 1200;
						ProvisioningStyle = Automatic;
					};
				};
			};
			buildConfigurationList = 83085C751C157A9400BFD82D /* Build configuration list for PBXProject "NoisyTyper" */;
			compatibilityVersion = "Xcode 3.2";
			developmentRegion = English;
			hasScannedForEncodings = 0;
			knownRegions = (
				English,
				en,
				Base,
			);
			mainGroup = 83085C711C157A9400BFD82D;
			productRefGroup = 83085C7B1C157A9400BFD82D /* Products */;
			projectDirPath = "";
			projectRoot = "";
			targets = (
				83085C791C157A9400BFD82D /* NoisyTyper */,
			);
		};
/* End PBXProject section */

/* Begin PBXResourcesBuildPhase section */
		83085C781C157A9400BFD82D /* Resources */ = {
			isa = PBXResourcesBuildPhase;
			buildActionMask = 2147483647;
			files = (
				785BAB82233227BB00E7426F /* SFX in Resources */,
				83085C821C157A9400BFD82D /* Assets.xcassets in Resources */,
				836E78CB1C159EBC00BE4FF0 /* Main.storyboard in Resources */,
			);
			runOnlyForDeploymentPostprocessing = 0;
		};
/* End PBXResourcesBuildPhase section */

/* Begin PBXShellScriptBuildPhase section */
		74B593B1B156723F406D5D67 /* [CP] Embed Pods Frameworks */ = {
			isa = PBXShellScriptBuildPhase;
			buildActionMask = 2147483647;
			files = (
			);
			inputPaths = (
				"${PODS_ROOT}/Target Support Files/Pods-NoisyTyper/Pods-NoisyTyper-frameworks.sh",
				"${BUILT_PRODUCTS_DIR}/SnapKit/SnapKit.framework",
			);
			name = "[CP] Embed Pods Frameworks";
			outputPaths = (
				"${TARGET_BUILD_DIR}/${FRAMEWORKS_FOLDER_PATH}/SnapKit.framework",
			);
			runOnlyForDeploymentPostprocessing = 0;
			shellPath = /bin/sh;
			shellScript = "\"${PODS_ROOT}/Target Support Files/Pods-NoisyTyper/Pods-NoisyTyper-frameworks.sh\"\n";
			showEnvVarsInLog = 0;
		};
		FF1845ABA3A5484133AEDA75 /* [CP] Check Pods Manifest.lock */ = {
			isa = PBXShellScriptBuildPhase;
			buildActionMask = 2147483647;
			files = (
			);
			inputFileListPaths = (
			);
			inputPaths = (
				"${PODS_PODFILE_DIR_PATH}/Podfile.lock",
				"${PODS_ROOT}/Manifest.lock",
			);
			name = "[CP] Check Pods Manifest.lock";
			outputFileListPaths = (
			);
			outputPaths = (
				"$(DERIVED_FILE_DIR)/Pods-NoisyTyper-checkManifestLockResult.txt",
			);
			runOnlyForDeploymentPostprocessing = 0;
			shellPath = /bin/sh;
			shellScript = "diff \"${PODS_PODFILE_DIR_PATH}/Podfile.lock\" \"${PODS_ROOT}/Manifest.lock\" > /dev/null\nif [ $? != 0 ] ; then\n    # print error to STDERR\n    echo \"error: The sandbox is not in sync with the Podfile.lock. Run 'pod install' or update your CocoaPods installation.\" >&2\n    exit 1\nfi\n# This output is used by Xcode 'outputs' to avoid re-running this script phase.\necho \"SUCCESS\" > \"${SCRIPT_OUTPUT_FILE_0}\"\n";
			showEnvVarsInLog = 0;
		};
/* End PBXShellScriptBuildPhase section */

/* Begin PBXSourcesBuildPhase section */
		83085C761C157A9400BFD82D /* Sources */ = {
			isa = PBXSourcesBuildPhase;
			buildActionMask = 2147483647;
			files = (
				836E78D21C16B6C400BE4FF0 /* AVAudioPlayer-extensions.swift in Sources */,
				836E78D41C16B7A100BE4FF0 /* Number-extensions.swift in Sources */,
				785BAB7D232D7E4800E7426F /* NTViewController.swift in Sources */,
				83085C7E1C157A9400BFD82D /* AppDelegate.swift in Sources */,
				785BAB7B232AEEF500E7426F /* UIHelper.swift in Sources */,
				785BAB75232AC27200E7426F /* NTWindowController.swift in Sources */,
				78E200D723337A4000FE43C5 /* AppMenuUI.swift in Sources */,
				785BAB8423322C5300E7426F /* ThemeManager.swift in Sources */,
			);
			runOnlyForDeploymentPostprocessing = 0;
		};
/* End PBXSourcesBuildPhase section */

/* Begin PBXVariantGroup section */
		836E78C91C159EBC00BE4FF0 /* Main.storyboard */ = {
			isa = PBXVariantGroup;
			children = (
				836E78CA1C159EBC00BE4FF0 /* Base */,
			);
			name = Main.storyboard;
			sourceTree = "<group>";
		};
/* End PBXVariantGroup section */

/* Begin XCBuildConfiguration section */
		83085C871C157A9500BFD82D /* Debug */ = {
			isa = XCBuildConfiguration;
			buildSettings = {
				ALWAYS_SEARCH_USER_PATHS = NO;
				CLANG_ANALYZER_LOCALIZABILITY_NONLOCALIZED = YES;
				CLANG_CXX_LANGUAGE_STANDARD = "gnu++0x";
				CLANG_CXX_LIBRARY = "libc++";
				CLANG_ENABLE_MODULES = YES;
				CLANG_ENABLE_OBJC_ARC = YES;
				CLANG_WARN_BLOCK_CAPTURE_AUTORELEASING = YES;
				CLANG_WARN_BOOL_CONVERSION = YES;
				CLANG_WARN_COMMA = YES;
				CLANG_WARN_CONSTANT_CONVERSION = YES;
				CLANG_WARN_DEPRECATED_OBJC_IMPLEMENTATIONS = YES;
				CLANG_WARN_DIRECT_OBJC_ISA_USAGE = YES_ERROR;
				CLANG_WARN_EMPTY_BODY = YES;
				CLANG_WARN_ENUM_CONVERSION = YES;
				CLANG_WARN_INFINITE_RECURSION = YES;
				CLANG_WARN_INT_CONVERSION = YES;
				CLANG_WARN_NON_LITERAL_NULL_CONVERSION = YES;
				CLANG_WARN_OBJC_IMPLICIT_RETAIN_SELF = YES;
				CLANG_WARN_OBJC_LITERAL_CONVERSION = YES;
				CLANG_WARN_OBJC_ROOT_CLASS = YES_ERROR;
				CLANG_WARN_QUOTED_INCLUDE_IN_FRAMEWORK_HEADER = YES;
				CLANG_WARN_RANGE_LOOP_ANALYSIS = YES;
				CLANG_WARN_STRICT_PROTOTYPES = YES;
				CLANG_WARN_SUSPICIOUS_MOVE = YES;
				CLANG_WARN_UNREACHABLE_CODE = YES;
				CLANG_WARN__DUPLICATE_METHOD_MATCH = YES;
				CODE_SIGN_IDENTITY = "-";
				COPY_PHASE_STRIP = NO;
				DEBUG_INFORMATION_FORMAT = dwarf;
				ENABLE_STRICT_OBJC_MSGSEND = YES;
				ENABLE_TESTABILITY = YES;
				GCC_C_LANGUAGE_STANDARD = gnu99;
				GCC_DYNAMIC_NO_PIC = NO;
				GCC_NO_COMMON_BLOCKS = YES;
				GCC_OPTIMIZATION_LEVEL = 0;
				GCC_PREPROCESSOR_DEFINITIONS = (
					"DEBUG=1",
					"$(inherited)",
				);
				GCC_WARN_64_TO_32_BIT_CONVERSION = YES;
				GCC_WARN_ABOUT_RETURN_TYPE = YES_ERROR;
				GCC_WARN_UNDECLARED_SELECTOR = YES;
				GCC_WARN_UNINITIALIZED_AUTOS = YES_AGGRESSIVE;
				GCC_WARN_UNUSED_FUNCTION = YES;
				GCC_WARN_UNUSED_VARIABLE = YES;
				MACOSX_DEPLOYMENT_TARGET = 10.11;
				MTL_ENABLE_DEBUG_INFO = YES;
				ONLY_ACTIVE_ARCH = YES;
				SDKROOT = macosx;
				SWIFT_OPTIMIZATION_LEVEL = "-Onone";
			};
			name = Debug;
		};
		83085C881C157A9500BFD82D /* Release */ = {
			isa = XCBuildConfiguration;
			buildSettings = {
				ALWAYS_SEARCH_USER_PATHS = NO;
				CLANG_ANALYZER_LOCALIZABILITY_NONLOCALIZED = YES;
				CLANG_CXX_LANGUAGE_STANDARD = "gnu++0x";
				CLANG_CXX_LIBRARY = "libc++";
				CLANG_ENABLE_MODULES = YES;
				CLANG_ENABLE_OBJC_ARC = YES;
				CLANG_WARN_BLOCK_CAPTURE_AUTORELEASING = YES;
				CLANG_WARN_BOOL_CONVERSION = YES;
				CLANG_WARN_COMMA = YES;
				CLANG_WARN_CONSTANT_CONVERSION = YES;
				CLANG_WARN_DEPRECATED_OBJC_IMPLEMENTATIONS = YES;
				CLANG_WARN_DIRECT_OBJC_ISA_USAGE = YES_ERROR;
				CLANG_WARN_EMPTY_BODY = YES;
				CLANG_WARN_ENUM_CONVERSION = YES;
				CLANG_WARN_INFINITE_RECURSION = YES;
				CLANG_WARN_INT_CONVERSION = YES;
				CLANG_WARN_NON_LITERAL_NULL_CONVERSION = YES;
				CLANG_WARN_OBJC_IMPLICIT_RETAIN_SELF = YES;
				CLANG_WARN_OBJC_LITERAL_CONVERSION = YES;
				CLANG_WARN_OBJC_ROOT_CLASS = YES_ERROR;
				CLANG_WARN_QUOTED_INCLUDE_IN_FRAMEWORK_HEADER = YES;
				CLANG_WARN_RANGE_LOOP_ANALYSIS = YES;
				CLANG_WARN_STRICT_PROTOTYPES = YES;
				CLANG_WARN_SUSPICIOUS_MOVE = YES;
				CLANG_WARN_UNREACHABLE_CODE = YES;
				CLANG_WARN__DUPLICATE_METHOD_MATCH = YES;
				CODE_SIGN_IDENTITY = "-";
				COPY_PHASE_STRIP = NO;
				DEBUG_INFORMATION_FORMAT = "dwarf-with-dsym";
				ENABLE_NS_ASSERTIONS = NO;
				ENABLE_STRICT_OBJC_MSGSEND = YES;
				GCC_C_LANGUAGE_STANDARD = gnu99;
				GCC_NO_COMMON_BLOCKS = YES;
				GCC_WARN_64_TO_32_BIT_CONVERSION = YES;
				GCC_WARN_ABOUT_RETURN_TYPE = YES_ERROR;
				GCC_WARN_UNDECLARED_SELECTOR = YES;
				GCC_WARN_UNINITIALIZED_AUTOS = YES_AGGRESSIVE;
				GCC_WARN_UNUSED_FUNCTION = YES;
				GCC_WARN_UNUSED_VARIABLE = YES;
				MACOSX_DEPLOYMENT_TARGET = 10.11;
				MTL_ENABLE_DEBUG_INFO = NO;
				SDKROOT = macosx;
				SWIFT_COMPILATION_MODE = wholemodule;
			};
			name = Release;
		};
		83085C8A1C157A9500BFD82D /* Debug */ = {
			isa = XCBuildConfiguration;
			baseConfigurationReference = F97F3D5190BACA26C4DC76BE /* Pods-NoisyTyper.debug.xcconfig */;
			buildSettings = {
				ASSETCATALOG_COMPILER_APPICON_NAME = AppIcon;
				CODE_SIGN_ENTITLEMENTS = NoisyTyper/NoisyTyper.entitlements;
				CODE_SIGN_IDENTITY = "Mac Developer";
				CODE_SIGN_STYLE = Automatic;
				COMBINE_HIDPI_IMAGES = YES;
				CURRENT_PROJECT_VERSION = 327;
				DEVELOPMENT_TEAM = 83A66Y7RYD;
				ENABLE_HARDENED_RUNTIME = YES;
				INFOPLIST_FILE = NoisyTyper/Info.plist;
				LD_RUNPATH_SEARCH_PATHS = "$(inherited) @executable_path/../Frameworks";
				MACOSX_DEPLOYMENT_TARGET = 10.12;
				MARKETING_VERSION = 0.2;
				PRODUCT_BUNDLE_IDENTIFIER = me.ialaddin.noisytyper;
				PRODUCT_NAME = "$(TARGET_NAME)";
				PROVISIONING_PROFILE_SPECIFIER = "";
				SWIFT_VERSION = 5.0;
			};
			name = Debug;
		};
		83085C8B1C157A9500BFD82D /* Release */ = {
			isa = XCBuildConfiguration;
			baseConfigurationReference = AA53D4B7E6A74AA64439704F /* Pods-NoisyTyper.release.xcconfig */;
			buildSettings = {
				ASSETCATALOG_COMPILER_APPICON_NAME = AppIcon;
				CODE_SIGN_ENTITLEMENTS = NoisyTyper/NoisyTyper.entitlements;
				CODE_SIGN_IDENTITY = "Mac Developer";
				CODE_SIGN_STYLE = Automatic;
				COMBINE_HIDPI_IMAGES = YES;
				CURRENT_PROJECT_VERSION = 327;
				DEVELOPMENT_TEAM = 83A66Y7RYD;
				ENABLE_HARDENED_RUNTIME = YES;
				INFOPLIST_FILE = NoisyTyper/Info.plist;
				LD_RUNPATH_SEARCH_PATHS = "$(inherited) @executable_path/../Frameworks";
				MACOSX_DEPLOYMENT_TARGET = 10.12;
				MARKETING_VERSION = 0.2;
				PRODUCT_BUNDLE_IDENTIFIER = me.ialaddin.noisytyper;
				PRODUCT_NAME = "$(TARGET_NAME)";
				PROVISIONING_PROFILE_SPECIFIER = "";
				SWIFT_VERSION = 5.0;
			};
			name = Release;
		};
/* End XCBuildConfiguration section */

/* Begin XCConfigurationList section */
		83085C751C157A9400BFD82D /* Build configuration list for PBXProject "NoisyTyper" */ = {
			isa = XCConfigurationList;
			buildConfigurations = (
				83085C871C157A9500BFD82D /* Debug */,
				83085C881C157A9500BFD82D /* Release */,
			);
			defaultConfigurationIsVisible = 0;
			defaultConfigurationName = Release;
		};
		83085C891C157A9500BFD82D /* Build configuration list for PBXNativeTarget "NoisyTyper" */ = {
			isa = XCConfigurationList;
			buildConfigurations = (
				83085C8A1C157A9500BFD82D /* Debug */,
				83085C8B1C157A9500BFD82D /* Release */,
			);
			defaultConfigurationIsVisible = 0;
			defaultConfigurationName = Release;
		};
/* End XCConfigurationList section */
	};
	rootObject = 83085C721C157A9400BFD82D /* Project object */;
}
